
Microsoft Visual Studio Solution File, Format Version 12.00
# Visual Studio 15
VisualStudioVersion = 15.0.28307.572
MinimumVisualStudioVersion = 10.0.40219.1
Project("{FAE04EC0-301F-11D3-BF4B-00C04F79EFBC}") = "MethodApp", "MethodApp\MethodApp.csproj", "{DE0263F8-58D0-41B4-A525-B794A6293B45}"
EndProject
Global
	GlobalSection(SolutionConfigurationPlatforms) = preSolution
		Debug|Any CPU = Debug|Any CPU
		Release|Any CPU = Release|Any CPU
	EndGlobalSection
	GlobalSection(ProjectConfigurationPlatforms) = postSolution
		{DE0263F8-58D0-41B4-A525-B794A6293B45}.Debug|Any CPU.ActiveCfg = Debug|Any CPU
		{DE0263F8-58D0-41B4-A525-B794A6293B45}.Debug|Any CPU.Build.0 = Debug|Any CPU
		{DE0263F8-58D0-41B4-A525-B794A6293B45}.Release|Any CPU.ActiveCfg = Release|Any CPU
		{DE0263F8-58D0-41B4-A525-B794A6293B45}.Release|Any CPU.Build.0 = Release|Any CPU
	EndGlobalSection
	GlobalSection(SolutionProperties) = preSolution
		HideSolutionNode = FALSE
	EndGlobalSection
	GlobalSection(ExtensibilityGlobals) = postSolution
		SolutionGuid = {F039DD1C-5F0A-4F5F-B3DB-FB2789995F33}
	EndGlobalSection
EndGlobal
