
Microsoft Visual Studio Solution File, Format Version 12.00
# Visual Studio 15
VisualStudioVersion = 15.0.28307.572
MinimumVisualStudioVersion = 10.0.40219.1
Project("{FAE04EC0-301F-11D3-BF4B-00C04F79EFBC}") = "SoldierForm", "SoldierForm\SoldierForm.csproj", "{F9124DCC-2038-4BCC-9D9D-A6527698D69E}"
EndProject
Global
	GlobalSection(SolutionConfigurationPlatforms) = preSolution
		Debug|Any CPU = Debug|Any CPU
		Release|Any CPU = Release|Any CPU
	EndGlobalSection
	GlobalSection(ProjectConfigurationPlatforms) = postSolution
		{F9124DCC-2038-4BCC-9D9D-A6527698D69E}.Debug|Any CPU.ActiveCfg = Debug|Any CPU
		{F9124DCC-2038-4BCC-9D9D-A6527698D69E}.Debug|Any CPU.Build.0 = Debug|Any CPU
		{F9124DCC-2038-4BCC-9D9D-A6527698D69E}.Release|Any CPU.ActiveCfg = Release|Any CPU
		{F9124DCC-2038-4BCC-9D9D-A6527698D69E}.Release|Any CPU.Build.0 = Release|Any CPU
	EndGlobalSection
	GlobalSection(SolutionProperties) = preSolution
		HideSolutionNode = FALSE
	EndGlobalSection
	GlobalSection(ExtensibilityGlobals) = postSolution
		SolutionGuid = {AAF16A68-C6CC-4B24-9537-724209D39D21}
	EndGlobalSection
EndGlobal
