
Microsoft Visual Studio Solution File, Format Version 12.00
# Visual Studio 15
VisualStudioVersion = 15.0.28307.572
MinimumVisualStudioVersion = 10.0.40219.1
Project("{FAE04EC0-301F-11D3-BF4B-00C04F79EFBC}") = "WindowsFormsApp2", "WindowsFormsApp2\WindowsFormsApp2.csproj", "{00B05BCC-C404-43FC-A20D-62E7BA397E59}"
EndProject
Global
	GlobalSection(SolutionConfigurationPlatforms) = preSolution
		Debug|Any CPU = Debug|Any CPU
		Release|Any CPU = Release|Any CPU
	EndGlobalSection
	GlobalSection(ProjectConfigurationPlatforms) = postSolution
		{00B05BCC-C404-43FC-A20D-62E7BA397E59}.Debug|Any CPU.ActiveCfg = Debug|Any CPU
		{00B05BCC-C404-43FC-A20D-62E7BA397E59}.Debug|Any CPU.Build.0 = Debug|Any CPU
		{00B05BCC-C404-43FC-A20D-62E7BA397E59}.Release|Any CPU.ActiveCfg = Release|Any CPU
		{00B05BCC-C404-43FC-A20D-62E7BA397E59}.Release|Any CPU.Build.0 = Release|Any CPU
	EndGlobalSection
	GlobalSection(SolutionProperties) = preSolution
		HideSolutionNode = FALSE
	EndGlobalSection
	GlobalSection(ExtensibilityGlobals) = postSolution
		SolutionGuid = {3929D1A3-0FEB-41A6-AC96-71F1E7723B01}
	EndGlobalSection
EndGlobal
