
Microsoft Visual Studio Solution File, Format Version 12.00
# Visual Studio 15
VisualStudioVersion = 15.0.28307.572
MinimumVisualStudioVersion = 10.0.40219.1
Project("{FAE04EC0-301F-11D3-BF4B-00C04F79EFBC}") = "ArrayIteration", "ArrayIteration\ArrayIteration.csproj", "{1FEE9361-EE60-46FC-8CE7-55BBCA06BE4A}"
EndProject
Global
	GlobalSection(SolutionConfigurationPlatforms) = preSolution
		Debug|Any CPU = Debug|Any CPU
		Release|Any CPU = Release|Any CPU
	EndGlobalSection
	GlobalSection(ProjectConfigurationPlatforms) = postSolution
		{1FEE9361-EE60-46FC-8CE7-55BBCA06BE4A}.Debug|Any CPU.ActiveCfg = Debug|Any CPU
		{1FEE9361-EE60-46FC-8CE7-55BBCA06BE4A}.Debug|Any CPU.Build.0 = Debug|Any CPU
		{1FEE9361-EE60-46FC-8CE7-55BBCA06BE4A}.Release|Any CPU.ActiveCfg = Release|Any CPU
		{1FEE9361-EE60-46FC-8CE7-55BBCA06BE4A}.Release|Any CPU.Build.0 = Release|Any CPU
	EndGlobalSection
	GlobalSection(SolutionProperties) = preSolution
		HideSolutionNode = FALSE
	EndGlobalSection
	GlobalSection(ExtensibilityGlobals) = postSolution
		SolutionGuid = {C8E8834A-157C-4642-BC73-78501DF7863F}
	EndGlobalSection
EndGlobal
